
Microsoft Visual Studio Solution File, Format Version 12.00
# Visual Studio Version 17
VisualStudioVersion = 17.9.34616.47
MinimumVisualStudioVersion = 10.0.40219.1
Project("{8BC9CEB8-8B4A-11D0-8D11-00A0C91BC942}") = "OOP THIRD LAB", "OOP THIRD LAB\OOP THIRD LAB.vcxproj", "{CAAC3E03-F2D6-4D94-AE8C-C11A49A4AFE5}"
EndProject
Global
	GlobalSection(SolutionConfigurationPlatforms) = preSolution
		Debug|x64 = Debug|x64
		Debug|x86 = Debug|x86
		Release|x64 = Release|x64
		Release|x86 = Release|x86
	EndGlobalSection
	GlobalSection(ProjectConfigurationPlatforms) = postSolution
		{CAAC3E03-F2D6-4D94-AE8C-C11A49A4AFE5}.Debug|x64.ActiveCfg = Debug|x64
		{CAAC3E03-F2D6-4D94-AE8C-C11A49A4AFE5}.Debug|x64.Build.0 = Debug|x64
		{CAAC3E03-F2D6-4D94-AE8C-C11A49A4AFE5}.Debug|x86.ActiveCfg = Debug|Win32
		{CAAC3E03-F2D6-4D94-AE8C-C11A49A4AFE5}.Debug|x86.Build.0 = Debug|Win32
		{CAAC3E03-F2D6-4D94-AE8C-C11A49A4AFE5}.Release|x64.ActiveCfg = Release|x64
		{CAAC3E03-F2D6-4D94-AE8C-C11A49A4AFE5}.Release|x64.Build.0 = Release|x64
		{CAAC3E03-F2D6-4D94-AE8C-C11A49A4AFE5}.Release|x86.ActiveCfg = Release|Win32
		{CAAC3E03-F2D6-4D94-AE8C-C11A49A4AFE5}.Release|x86.Build.0 = Release|Win32
	EndGlobalSection
	GlobalSection(SolutionProperties) = preSolution
		HideSolutionNode = FALSE
	EndGlobalSection
	GlobalSection(ExtensibilityGlobals) = postSolution
		SolutionGuid = {6BB38DA6-699B-4ED9-816B-F1CFF4E0D5F2}
	EndGlobalSection
EndGlobal
